PATH
  remote: ../..
  specs:
    encoded_token (2.0.0)

GEM
  remote: https://rubygems.org/
  specs:
    minitest (5.26.1)
    mocha (3.1.0)
      ruby2_keywords (>= 0.0.5)
    ruby2_keywords (0.0.5)

PLATFORMS
  arm64-darwin-21
  ruby
  x86_64-linux

DEPENDENCIES
  encoded_token!
  minitest
  mocha

RUBY VERSION
   ruby 2.7.6p219

BUNDLED WITH
   2.3.26
